
Microsoft Visual Studio Solution File, Format Version 12.00
# Visual Studio Version 17
VisualStudioVersion = 17.6.33829.357
MinimumVisualStudioVersion = 10.0.40219.1
Project("{8BC9CEB8-8B4A-11D0-8D11-00A0C91BC942}") = "classesRedefinitionMethods", "classesRedefinitionMethods\classesRedefinitionMethods.vcxproj", "{30630B03-D921-483F-87AC-19736A3E5D04}"
EndProject
Global
	GlobalSection(SolutionConfigurationPlatforms) = preSolution
		Debug|x64 = Debug|x64
		Debug|x86 = Debug|x86
		Release|x64 = Release|x64
		Release|x86 = Release|x86
	EndGlobalSection
	GlobalSection(ProjectConfigurationPlatforms) = postSolution
		{30630B03-D921-483F-87AC-19736A3E5D04}.Debug|x64.ActiveCfg = Debug|x64
		{30630B03-D921-483F-87AC-19736A3E5D04}.Debug|x64.Build.0 = Debug|x64
		{30630B03-D921-483F-87AC-19736A3E5D04}.Debug|x86.ActiveCfg = Debug|Win32
		{30630B03-D921-483F-87AC-19736A3E5D04}.Debug|x86.Build.0 = Debug|Win32
		{30630B03-D921-483F-87AC-19736A3E5D04}.Release|x64.ActiveCfg = Release|x64
		{30630B03-D921-483F-87AC-19736A3E5D04}.Release|x64.Build.0 = Release|x64
		{30630B03-D921-483F-87AC-19736A3E5D04}.Release|x86.ActiveCfg = Release|Win32
		{30630B03-D921-483F-87AC-19736A3E5D04}.Release|x86.Build.0 = Release|Win32
	EndGlobalSection
	GlobalSection(SolutionProperties) = preSolution
		HideSolutionNode = FALSE
	EndGlobalSection
	GlobalSection(ExtensibilityGlobals) = postSolution
		SolutionGuid = {519CBF1A-8503-452C-807A-9F9E09F5C997}
	EndGlobalSection
EndGlobal
